
Microsoft Visual Studio Solution File, Format Version 12.00
# Visual Studio Version 17
VisualStudioVersion = 17.5.33530.505
MinimumVisualStudioVersion = 10.0.40219.1
Project("{FAE04EC0-301F-11D3-BF4B-00C04F79EFBC}") = "ITMO.WinCSCourse2023.Lab1-1", "ITMO.WinCSCourse2023.Lab1-1.csproj", "{51CC0203-4327-4E64-8148-20F7CBED575E}"
EndProject
Global
	GlobalSection(SolutionConfigurationPlatforms) = preSolution
		Debug|Any CPU = Debug|Any CPU
		Release|Any CPU = Release|Any CPU
	EndGlobalSection
	GlobalSection(ProjectConfigurationPlatforms) = postSolution
		{51CC0203-4327-4E64-8148-20F7CBED575E}.Debug|Any CPU.ActiveCfg = Debug|Any CPU
		{51CC0203-4327-4E64-8148-20F7CBED575E}.Debug|Any CPU.Build.0 = Debug|Any CPU
		{51CC0203-4327-4E64-8148-20F7CBED575E}.Release|Any CPU.ActiveCfg = Release|Any CPU
		{51CC0203-4327-4E64-8148-20F7CBED575E}.Release|Any CPU.Build.0 = Release|Any CPU
	EndGlobalSection
	GlobalSection(SolutionProperties) = preSolution
		HideSolutionNode = FALSE
	EndGlobalSection
	GlobalSection(ExtensibilityGlobals) = postSolution
		SolutionGuid = {AA52F891-3F3A-4608-9813-698CCF7DB07F}
	EndGlobalSection
EndGlobal
